
Microsoft Visual Studio Solution File, Format Version 12.00
# Visual Studio Version 17
VisualStudioVersion = 17.4.33213.308
MinimumVisualStudioVersion = 10.0.40219.1
Project("{FAE04EC0-301F-11D3-BF4B-00C04F79EFBC}") = "Dispatcher", "Dispatcher\Dispatcher.csproj", "{FA4E643A-77C1-45A0-AF72-A326F9199C00}"
EndProject
Global
	GlobalSection(SolutionConfigurationPlatforms) = preSolution
		Debug|ARM = Debug|ARM
		Debug|ARM64 = Debug|ARM64
		Debug|x64 = Debug|x64
		Debug|x86 = Debug|x86
		Release|ARM = Release|ARM
		Release|ARM64 = Release|ARM64
		Release|x64 = Release|x64
		Release|x86 = Release|x86
	EndGlobalSection
	GlobalSection(ProjectConfigurationPlatforms) = postSolution
		{FA4E643A-77C1-45A0-AF72-A326F9199C00}.Debug|ARM.ActiveCfg = Debug|ARM
		{FA4E643A-77C1-45A0-AF72-A326F9199C00}.Debug|ARM.Build.0 = Debug|ARM
		{FA4E643A-77C1-45A0-AF72-A326F9199C00}.Debug|ARM.Deploy.0 = Debug|ARM
		{FA4E643A-77C1-45A0-AF72-A326F9199C00}.Debug|ARM64.ActiveCfg = Debug|ARM64
		{FA4E643A-77C1-45A0-AF72-A326F9199C00}.Debug|ARM64.Build.0 = Debug|ARM64
		{FA4E643A-77C1-45A0-AF72-A326F9199C00}.Debug|ARM64.Deploy.0 = Debug|ARM64
		{FA4E643A-77C1-45A0-AF72-A326F9199C00}.Debug|x64.ActiveCfg = Debug|x64
		{FA4E643A-77C1-45A0-AF72-A326F9199C00}.Debug|x64.Build.0 = Debug|x64
		{FA4E643A-77C1-45A0-AF72-A326F9199C00}.Debug|x64.Deploy.0 = Debug|x64
		{FA4E643A-77C1-45A0-AF72-A326F9199C00}.Debug|x86.ActiveCfg = Debug|x86
		{FA4E643A-77C1-45A0-AF72-A326F9199C00}.Debug|x86.Build.0 = Debug|x86
		{FA4E643A-77C1-45A0-AF72-A326F9199C00}.Debug|x86.Deploy.0 = Debug|x86
		{FA4E643A-77C1-45A0-AF72-A326F9199C00}.Release|ARM.ActiveCfg = Release|ARM
		{FA4E643A-77C1-45A0-AF72-A326F9199C00}.Release|ARM.Build.0 = Release|ARM
		{FA4E643A-77C1-45A0-AF72-A326F9199C00}.Release|ARM.Deploy.0 = Release|ARM
		{FA4E643A-77C1-45A0-AF72-A326F9199C00}.Release|ARM64.ActiveCfg = Release|ARM64
		{FA4E643A-77C1-45A0-AF72-A326F9199C00}.Release|ARM64.Build.0 = Release|ARM64
		{FA4E643A-77C1-45A0-AF72-A326F9199C00}.Release|ARM64.Deploy.0 = Release|ARM64
		{FA4E643A-77C1-45A0-AF72-A326F9199C00}.Release|x64.ActiveCfg = Release|x64
		{FA4E643A-77C1-45A0-AF72-A326F9199C00}.Release|x64.Build.0 = Release|x64
		{FA4E643A-77C1-45A0-AF72-A326F9199C00}.Release|x64.Deploy.0 = Release|x64
		{FA4E643A-77C1-45A0-AF72-A326F9199C00}.Release|x86.ActiveCfg = Release|x86
		{FA4E643A-77C1-45A0-AF72-A326F9199C00}.Release|x86.Build.0 = Release|x86
		{FA4E643A-77C1-45A0-AF72-A326F9199C00}.Release|x86.Deploy.0 = Release|x86
	EndGlobalSection
	GlobalSection(SolutionProperties) = preSolution
		HideSolutionNode = FALSE
	EndGlobalSection
	GlobalSection(ExtensibilityGlobals) = postSolution
		SolutionGuid = {22765833-0A5E-4DD0-9855-ADF268583877}
	EndGlobalSection
EndGlobal
